
Microsoft Visual Studio Solution File, Format Version 12.00
# Visual Studio 2012
Project("{FAE04EC0-301F-11D3-BF4B-00C04F79EFBC}") = "Raise", "Raise\Raise.csproj", "{EE1C42A6-E412-4765-9427-D24A4A38F00A}"
EndProject
Global
	GlobalSection(SolutionConfigurationPlatforms) = preSolution
		Debug|Any CPU = Debug|Any CPU
		Release|Any CPU = Release|Any CPU
	EndGlobalSection
	GlobalSection(ProjectConfigurationPlatforms) = postSolution
		{EE1C42A6-E412-4765-9427-D24A4A38F00A}.Debug|Any CPU.ActiveCfg = Debug|Any CPU
		{EE1C42A6-E412-4765-9427-D24A4A38F00A}.Debug|Any CPU.Build.0 = Debug|Any CPU
		{EE1C42A6-E412-4765-9427-D24A4A38F00A}.Release|Any CPU.ActiveCfg = Release|Any CPU
		{EE1C42A6-E412-4765-9427-D24A4A38F00A}.Release|Any CPU.Build.0 = Release|Any CPU
	EndGlobalSection
EndGlobal
